{
  "name": "server",
  "version": "1.0.0",
  "lockfileVersion": 1,
  "requires": true,
  "dependencies": {
    "abab": {
      "version": "2.0.0",
      "resolved": "http://r.cnpmjs.org/abab/download/abab-2.0.0.tgz",
      "integrity": "sha1-q6CrTF7uLUx500h9hUUPsjduuw8="
    },
    "accepts": {
      "version": "1.3.5",
      "resolved": "http://r.cnpmjs.org/accepts/download/accepts-1.3.5.tgz",
      "integrity": "sha1-63d99gEXI6OxTopywIBcjoZ0a9I=",
      "requires": {
        "mime-types": "~2.1.18",
        "negotiator": "0.6.1"
      }
    },
    "acorn": {
      "version": "6.0.5",
      "resolved": "http://r.cnpmjs.org/acorn/download/acorn-6.0.5.tgz",
      "integrity": "sha1-gXMMCBXz87NNjvqVy3Qwll9NiHo="
    },
    "acorn-globals": {
      "version": "4.3.0",
      "resolved": "http://r.cnpmjs.org/acorn-globals/download/acorn-globals-4.3.0.tgz",
      "integrity": "sha1-47b42jwVUqla5idXH33Wkju1QQM=",
      "requires": {
        "acorn": "^6.0.1",
        "acorn-walk": "^6.0.1"
      }
    },
    "acorn-walk": {
      "version": "6.1.1",
      "resolved": "http://r.cnpmjs.org/acorn-walk/download/acorn-walk-6.1.1.tgz",
      "integrity": "sha1-02O2b1+sXwGP+cOh57b44xDMORM="
    },
    "ajv": {
      "version": "6.7.0",
      "resolved": "http://r.cnpmjs.org/ajv/download/ajv-6.7.0.tgz",
      "integrity": "sha1-4857s3LWV3uxg58d/fy/WtKUjZY=",
      "requires": {
        "fast-deep-equal": "^2.0.1",
        "fast-json-stable-stringify": "^2.0.0",
        "json-schema-traverse": "^0.4.1",
        "uri-js": "^4.2.2"
      }
    },
    "array-equal": {
      "version": "1.0.0",
      "resolved": "http://r.cnpmjs.org/array-equal/download/array-equal-1.0.0.tgz",
      "integrity": "sha1-jCpe8kcv2ep0KwTHenUJO6J1fJM="
    },
    "array-flatten": {
      "version": "1.1.1",
      "resolved": "http://r.cnpmjs.org/array-flatten/download/array-flatten-1.1.1.tgz",
      "integrity": "sha1-ml9pkFGx5wczKPKgCJaLZOopVdI="
    },
    "asn1": {
      "version": "0.2.4",
      "resolved": "http://r.cnpmjs.org/asn1/download/asn1-0.2.4.tgz",
      "integrity": "sha1-jSR136tVO7M+d7VOWeiAu4ziMTY=",
      "requires": {
        "safer-buffer": "~2.1.0"
      }
    },
    "assert-plus": {
      "version": "1.0.0",
      "resolved": "http://r.cnpmjs.org/assert-plus/download/assert-plus-1.0.0.tgz",
      "integrity": "sha1-8S4PPF13sLHN2RRpQuTpbB5N1SU="
    },
    "async-limiter": {
      "version": "1.0.0",
      "resolved": "http://r.cnpmjs.org/async-limiter/download/async-limiter-1.0.0.tgz",
      "integrity": "sha1-ePrtjD0HSrgfIrTphdeehzj3IPg="
    },
    "asynckit": {
      "version": "0.4.0",
      "resolved": "http://r.cnpmjs.org/asynckit/download/asynckit-0.4.0.tgz",
      "integrity": "sha1-x57Zf380y48robyXkLzDZkdLS3k="
    },
    "aws-sign2": {
      "version": "0.7.0",
      "resolved": "http://r.cnpmjs.org/aws-sign2/download/aws-sign2-0.7.0.tgz",
      "integrity": "sha1-tG6JCTSpWR8tL2+G1+ap8bP+dqg="
    },
    "aws4": {
      "version": "1.8.0",
      "resolved": "http://r.cnpmjs.org/aws4/download/aws4-1.8.0.tgz",
      "integrity": "sha1-8OAD2cqef1nHpQiUXXsu+aBKVC8="
    },
    "bcrypt-pbkdf": {
      "version": "1.0.2",
      "resolved": "http://r.cnpmjs.org/bcrypt-pbkdf/download/bcrypt-pbkdf-1.0.2.tgz",
      "integrity": "sha1-pDAdOJtqQ/m2f/PKEaP2Y342Dp4=",
      "requires": {
        "tweetnacl": "^0.14.3"
      }
    },
    "body-parser": {
      "version": "1.18.3",
      "resolved": "http://r.cnpmjs.org/body-parser/download/body-parser-1.18.3.tgz",
      "integrity": "sha1-WykhmP/dVTs6DyDe0FkrlWlVyLQ=",
      "requires": {
        "bytes": "3.0.0",
        "content-type": "~1.0.4",
        "debug": "2.6.9",
        "depd": "~1.1.2",
        "http-errors": "~1.6.3",
        "iconv-lite": "0.4.23",
        "on-finished": "~2.3.0",
        "qs": "6.5.2",
        "raw-body": "2.3.3",
        "type-is": "~1.6.16"
      }
    },
    "browser-process-hrtime": {
      "version": "0.1.3",
      "resolved": "http://r.cnpmjs.org/browser-process-hrtime/download/browser-process-hrtime-0.1.3.tgz",
      "integrity": "sha1-YW8A+u8d9+wbW/nP4r3DFw8mx7Q="
    },
    "bytes": {
      "version": "3.0.0",
      "resolved": "http://r.cnpmjs.org/bytes/download/bytes-3.0.0.tgz",
      "integrity": "sha1-0ygVQE1olpn4Wk6k+odV3ROpYEg="
    },
    "caseless": {
      "version": "0.12.0",
      "resolved": "http://r.cnpmjs.org/caseless/download/caseless-0.12.0.tgz",
      "integrity": "sha1-G2gcIf+EAzyCZUMJBolCDRhxUdw="
    },
    "combined-stream": {
      "version": "1.0.7",
      "resolved": "http://r.cnpmjs.org/combined-stream/download/combined-stream-1.0.7.tgz",
      "integrity": "sha1-LR0kMXr7ir6V1tLAsHtXgTU52Cg=",
      "requires": {
        "delayed-stream": "~1.0.0"
      }
    },
    "commander": {
      "version": "2.19.0",
      "resolved": "http://r.cnpmjs.org/commander/download/commander-2.19.0.tgz",
      "integrity": "sha1-9hmKqE5bg8RgVLlN3tv+1e6f8So="
    },
    "content-disposition": {
      "version": "0.5.2",
      "resolved": "http://r.cnpmjs.org/content-disposition/download/content-disposition-0.5.2.tgz",
      "integrity": "sha1-DPaLud318r55YcOoUXjLhdunjLQ="
    },
    "content-type": {
      "version": "1.0.4",
      "resolved": "http://r.cnpmjs.org/content-type/download/content-type-1.0.4.tgz",
      "integrity": "sha1-4TjMdeBAxyexlm/l5fjJruJW/js="
    },
    "cookie": {
      "version": "0.3.1",
      "resolved": "http://r.cnpmjs.org/cookie/download/cookie-0.3.1.tgz",
      "integrity": "sha1-5+Ch+e9DtMi6klxcWpboBtFoc7s="
    },
    "cookie-signature": {
      "version": "1.0.6",
      "resolved": "http://r.cnpmjs.org/cookie-signature/download/cookie-signature-1.0.6.tgz",
      "integrity": "sha1-4wOogrNCzD7oylE6eZmXNNqzriw="
    },
    "core-util-is": {
      "version": "1.0.2",
      "resolved": "http://r.cnpmjs.org/core-util-is/download/core-util-is-1.0.2.tgz",
      "integrity": "sha1-tf1UIgqivFq1eqtxQMlAdUUDwac="
    },
    "cssom": {
      "version": "0.3.4",
      "resolved": "http://r.cnpmjs.org/cssom/download/cssom-0.3.4.tgz",
      "integrity": "sha1-jNUuijrP1o067TjuCmQBd9L515c="
    },
    "cssstyle": {
      "version": "1.1.1",
      "resolved": "http://r.cnpmjs.org/cssstyle/download/cssstyle-1.1.1.tgz",
      "integrity": "sha1-GLA4qcRNZfeo5CimU7n2/kL69fs=",
      "requires": {
        "cssom": "0.3.x"
      }
    },
    "dashdash": {
      "version": "1.14.1",
      "resolved": "http://r.cnpmjs.org/dashdash/download/dashdash-1.14.1.tgz",
      "integrity": "sha1-hTz6D3y+L+1d4gMmuN1YEDX24vA=",
      "requires": {
        "assert-plus": "^1.0.0"
      }
    },
    "data-urls": {
      "version": "1.1.0",
      "resolved": "http://r.cnpmjs.org/data-urls/download/data-urls-1.1.0.tgz",
      "integrity": "sha1-Fe4Fgrql4iu1nHcUDaj5x2lju/4=",
      "requires": {
        "abab": "^2.0.0",
        "whatwg-mimetype": "^2.2.0",
        "whatwg-url": "^7.0.0"
      }
    },
    "debug": {
      "version": "2.6.9",
      "resolved": "http://r.cnpmjs.org/debug/download/debug-2.6.9.tgz",
      "integrity": "sha1-XRKFFd8TT/Mn6QpMk/Tgd6U2NB8=",
      "requires": {
        "ms": "2.0.0"
      }
    },
    "deep-is": {
      "version": "0.1.3",
      "resolved": "http://r.cnpmjs.org/deep-is/download/deep-is-0.1.3.tgz",
      "integrity": "sha1-s2nW+128E+7PUk+RsHD+7cNXzzQ="
    },
    "delayed-stream": {
      "version": "1.0.0",
      "resolved": "http://r.cnpmjs.org/delayed-stream/download/delayed-stream-1.0.0.tgz",
      "integrity": "sha1-3zrhmayt+31ECqrgsp4icrJOxhk="
    },
    "depd": {
      "version": "1.1.2",
      "resolved": "http://r.cnpmjs.org/depd/download/depd-1.1.2.tgz",
      "integrity": "sha1-m81S4UwJd2PnSbJ0xDRu0uVgtak="
    },
    "destroy": {
      "version": "1.0.4",
      "resolved": "http://r.cnpmjs.org/destroy/download/destroy-1.0.4.tgz",
      "integrity": "sha1-l4hXRCxEdJ5CBmE+N5RiBYJqvYA="
    },
    "domexception": {
      "version": "1.0.1",
      "resolved": "http://r.cnpmjs.org/domexception/download/domexception-1.0.1.tgz",
      "integrity": "sha1-k3RCZEymoxJh7zbj7Gd/6AVYLJA=",
      "requires": {
        "webidl-conversions": "^4.0.2"
      }
    },
    "ecc-jsbn": {
      "version": "0.1.2",
      "resolved": "http://r.cnpmjs.org/ecc-jsbn/download/ecc-jsbn-0.1.2.tgz",
      "integrity": "sha1-OoOpBOVDUyh4dMVkt1SThoSamMk=",
      "requires": {
        "jsbn": "~0.1.0",
        "safer-buffer": "^2.1.0"
      }
    },
    "ee-first": {
      "version": "1.1.1",
      "resolved": "http://r.cnpmjs.org/ee-first/download/ee-first-1.1.1.tgz",
      "integrity": "sha1-WQxhFWsK4vTwJVcyoViyZrxWsh0="
    },
    "encodeurl": {
      "version": "1.0.2",
      "resolved": "http://r.cnpmjs.org/encodeurl/download/encodeurl-1.0.2.tgz",
      "integrity": "sha1-rT/0yG7C0CkyL1oCw6mmBslbP1k="
    },
    "escape-html": {
      "version": "1.0.3",
      "resolved": "http://r.cnpmjs.org/escape-html/download/escape-html-1.0.3.tgz",
      "integrity": "sha1-Aljq5NPQwJdN4cFpGI7wBR0dGYg="
    },
    "escodegen": {
      "version": "1.11.0",
      "resolved": "http://r.cnpmjs.org/escodegen/download/escodegen-1.11.0.tgz",
      "integrity": "sha1-snqTiUgdW/1b7Hb3ux6z+PRVZYk=",
      "requires": {
        "esprima": "^3.1.3",
        "estraverse": "^4.2.0",
        "esutils": "^2.0.2",
        "optionator": "^0.8.1",
        "source-map": "~0.6.1"
      }
    },
    "esprima": {
      "version": "3.1.3",
      "resolved": "http://r.cnpmjs.org/esprima/download/esprima-3.1.3.tgz",
      "integrity": "sha1-/cpRzuYTOJXjyI1TXOSdv/YqRjM="
    },
    "estraverse": {
      "version": "4.2.0",
      "resolved": "http://r.cnpmjs.org/estraverse/download/estraverse-4.2.0.tgz",
      "integrity": "sha1-De4/7TH81GlhjOc0IJn8GvoL2xM="
    },
    "esutils": {
      "version": "2.0.2",
      "resolved": "http://r.cnpmjs.org/esutils/download/esutils-2.0.2.tgz",
      "integrity": "sha1-Cr9PHKpbyx96nYrMbepPqqBLrJs="
    },
    "etag": {
      "version": "1.8.1",
      "resolved": "http://r.cnpmjs.org/etag/download/etag-1.8.1.tgz",
      "integrity": "sha1-Qa4u62XvpiJorr/qg6x9eSmbCIc="
    },
    "express": {
      "version": "4.16.4",
      "resolved": "http://r.cnpmjs.org/express/download/express-4.16.4.tgz",
      "integrity": "sha1-/d72GSYQniTFFeqX/S8b2/Yt8S4=",
      "requires": {
        "accepts": "~1.3.5",
        "array-flatten": "1.1.1",
        "body-parser": "1.18.3",
        "content-disposition": "0.5.2",
        "content-type": "~1.0.4",
        "cookie": "0.3.1",
        "cookie-signature": "1.0.6",
        "debug": "2.6.9",
        "depd": "~1.1.2",
        "encodeurl": "~1.0.2",
        "escape-html": "~1.0.3",
        "etag": "~1.8.1",
        "finalhandler": "1.1.1",
        "fresh": "0.5.2",
        "merge-descriptors": "1.0.1",
        "methods": "~1.1.2",
        "on-finished": "~2.3.0",
        "parseurl": "~1.3.2",
        "path-to-regexp": "0.1.7",
        "proxy-addr": "~2.0.4",
        "qs": "6.5.2",
        "range-parser": "~1.2.0",
        "safe-buffer": "5.1.2",
        "send": "0.16.2",
        "serve-static": "1.13.2",
        "setprototypeof": "1.1.0",
        "statuses": "~1.4.0",
        "type-is": "~1.6.16",
        "utils-merge": "1.0.1",
        "vary": "~1.1.2"
      }
    },
    "extend": {
      "version": "3.0.2",
      "resolved": "http://r.cnpmjs.org/extend/download/extend-3.0.2.tgz",
      "integrity": "sha1-+LETa0Bx+9jrFAr/hYsQGewpFfo="
    },
    "extsprintf": {
      "version": "1.3.0",
      "resolved": "http://r.cnpmjs.org/extsprintf/download/extsprintf-1.3.0.tgz",
      "integrity": "sha1-lpGEQOMEGnpBT4xS48V06zw+HgU="
    },
    "fast-deep-equal": {
      "version": "2.0.1",
      "resolved": "http://r.cnpmjs.org/fast-deep-equal/download/fast-deep-equal-2.0.1.tgz",
      "integrity": "sha1-ewUhjd+WZ79/Nwv3/bLLFf3Qqkk="
    },
    "fast-json-stable-stringify": {
      "version": "2.0.0",
      "resolved": "http://r.cnpmjs.org/fast-json-stable-stringify/download/fast-json-stable-stringify-2.0.0.tgz",
      "integrity": "sha1-1RQsDK7msRifh9OnYREGT4bIu/I="
    },
    "fast-levenshtein": {
      "version": "2.0.6",
      "resolved": "http://r.cnpmjs.org/fast-levenshtein/download/fast-levenshtein-2.0.6.tgz",
      "integrity": "sha1-PYpcZog6FqMMqGQ+hR8Zuqd5eRc="
    },
    "finalhandler": {
      "version": "1.1.1",
      "resolved": "http://r.cnpmjs.org/finalhandler/download/finalhandler-1.1.1.tgz",
      "integrity": "sha1-7r9O2EAHnIP0JJA4ydcDAIMBsQU=",
      "requires": {
        "debug": "2.6.9",
        "encodeurl": "~1.0.2",
        "escape-html": "~1.0.3",
        "on-finished": "~2.3.0",
        "parseurl": "~1.3.2",
        "statuses": "~1.4.0",
        "unpipe": "~1.0.0"
      }
    },
    "forever-agent": {
      "version": "0.6.1",
      "resolved": "http://r.cnpmjs.org/forever-agent/download/forever-agent-0.6.1.tgz",
      "integrity": "sha1-+8cfDEGt6zf5bFd60e1C2P2sypE="
    },
    "form-data": {
      "version": "2.3.3",
      "resolved": "http://r.cnpmjs.org/form-data/download/form-data-2.3.3.tgz",
      "integrity": "sha1-3M5SwF9kTymManq5Nr1yTO/786Y=",
      "requires": {
        "asynckit": "^0.4.0",
        "combined-stream": "^1.0.6",
        "mime-types": "^2.1.12"
      }
    },
    "forwarded": {
      "version": "0.1.2",
      "resolved": "http://r.cnpmjs.org/forwarded/download/forwarded-0.1.2.tgz",
      "integrity": "sha1-mMI9qxF1ZXuMBXPozszZGw/xjIQ="
    },
    "fresh": {
      "version": "0.5.2",
      "resolved": "http://r.cnpmjs.org/fresh/download/fresh-0.5.2.tgz",
      "integrity": "sha1-PYyt2Q2XZWn6g1qx+OSyOhBWBac="
    },
    "getpass": {
      "version": "0.1.7",
      "resolved": "http://r.cnpmjs.org/getpass/download/getpass-0.1.7.tgz",
      "integrity": "sha1-Xv+OPmhNVprkyysSgmBOi6YhSfo=",
      "requires": {
        "assert-plus": "^1.0.0"
      }
    },
    "har-schema": {
      "version": "2.0.0",
      "resolved": "http://r.cnpmjs.org/har-schema/download/har-schema-2.0.0.tgz",
      "integrity": "sha1-qUwiJOvKwEeCoNkDVSHyRzW37JI="
    },
    "har-validator": {
      "version": "5.1.3",
      "resolved": "http://r.cnpmjs.org/har-validator/download/har-validator-5.1.3.tgz",
      "integrity": "sha1-HvievT5JllV2de7ZiTEQ3DUPoIA=",
      "requires": {
        "ajv": "^6.5.5",
        "har-schema": "^2.0.0"
      }
    },
    "html-encoding-sniffer": {
      "version": "1.0.2",
      "resolved": "http://r.cnpmjs.org/html-encoding-sniffer/download/html-encoding-sniffer-1.0.2.tgz",
      "integrity": "sha1-5w2EuU2lOqN14R/jo1G+ZkLKRvg=",
      "requires": {
        "whatwg-encoding": "^1.0.1"
      }
    },
    "http-errors": {
      "version": "1.6.3",
      "resolved": "http://r.cnpmjs.org/http-errors/download/http-errors-1.6.3.tgz",
      "integrity": "sha1-i1VoC7S+KDoLW/TqLjhYC+HZMg0=",
      "requires": {
        "depd": "~1.1.2",
        "inherits": "2.0.3",
        "setprototypeof": "1.1.0",
        "statuses": ">= 1.4.0 < 2"
      }
    },
    "http-signature": {
      "version": "1.2.0",
      "resolved": "http://r.cnpmjs.org/http-signature/download/http-signature-1.2.0.tgz",
      "integrity": "sha1-muzZJRFHcvPZW2WmCruPfBj7rOE=",
      "requires": {
        "assert-plus": "^1.0.0",
        "jsprim": "^1.2.2",
        "sshpk": "^1.7.0"
      }
    },
    "iconv-lite": {
      "version": "0.4.23",
      "resolved": "http://r.cnpmjs.org/iconv-lite/download/iconv-lite-0.4.23.tgz",
      "integrity": "sha1-KXhx9jvlB63Pv8pxXQzQ7thOmmM=",
      "requires": {
        "safer-buffer": ">= 2.1.2 < 3"
      }
    },
    "inherits": {
      "version": "2.0.3",
      "resolved": "http://r.cnpmjs.org/inherits/download/inherits-2.0.3.tgz",
      "integrity": "sha1-Yzwsg+PaQqUC9SRmAiSA9CCCYd4="
    },
    "ipaddr.js": {
      "version": "1.8.0",
      "resolved": "http://r.cnpmjs.org/ipaddr.js/download/ipaddr.js-1.8.0.tgz",
      "integrity": "sha1-6qM9bd16zo9/b+DJygRA5wZzix4="
    },
    "is-typedarray": {
      "version": "1.0.0",
      "resolved": "http://r.cnpmjs.org/is-typedarray/download/is-typedarray-1.0.0.tgz",
      "integrity": "sha1-5HnICFjfDBsR3dppQPlgEfzaSpo="
    },
    "isstream": {
      "version": "0.1.2",
      "resolved": "http://r.cnpmjs.org/isstream/download/isstream-0.1.2.tgz",
      "integrity": "sha1-R+Y/evVa+m+S4VAOaQ64uFKcCZo="
    },
    "jsbn": {
      "version": "0.1.1",
      "resolved": "http://r.cnpmjs.org/jsbn/download/jsbn-0.1.1.tgz",
      "integrity": "sha1-peZUwuWi3rXyAdls77yoDA7y9RM="
    },
    "jsdom": {
      "version": "13.1.0",
      "resolved": "http://r.cnpmjs.org/jsdom/download/jsdom-13.1.0.tgz",
      "integrity": "sha1-+nNW8MyBEdDxB3y3gA0G8i8dZsc=",
      "requires": {
        "abab": "^2.0.0",
        "acorn": "^6.0.4",
        "acorn-globals": "^4.3.0",
        "array-equal": "^1.0.0",
        "cssom": "^0.3.4",
        "cssstyle": "^1.1.1",
        "data-urls": "^1.1.0",
        "domexception": "^1.0.1",
        "escodegen": "^1.11.0",
        "html-encoding-sniffer": "^1.0.2",
        "nwsapi": "^2.0.9",
        "parse5": "5.1.0",
        "pn": "^1.1.0",
        "request": "^2.88.0",
        "request-promise-native": "^1.0.5",
        "saxes": "^3.1.4",
        "symbol-tree": "^3.2.2",
        "tough-cookie": "^2.5.0",
        "w3c-hr-time": "^1.0.1",
        "w3c-xmlserializer": "^1.0.1",
        "webidl-conversions": "^4.0.2",
        "whatwg-encoding": "^1.0.5",
        "whatwg-mimetype": "^2.3.0",
        "whatwg-url": "^7.0.0",
        "ws": "^6.1.2",
        "xml-name-validator": "^3.0.0"
      }
    },
    "json-schema": {
      "version": "0.2.3",
      "resolved": "http://r.cnpmjs.org/json-schema/download/json-schema-0.2.3.tgz",
      "integrity": "sha1-tIDIkuWaLwWVTOcnvT8qTogvnhM="
    },
    "json-schema-traverse": {
      "version": "0.4.1",
      "resolved": "http://r.cnpmjs.org/json-schema-traverse/download/json-schema-traverse-0.4.1.tgz",
      "integrity": "sha1-afaofZUTq4u4/mO9sJecRI5oRmA="
    },
    "json-stringify-safe": {
      "version": "5.0.1",
      "resolved": "http://r.cnpmjs.org/json-stringify-safe/download/json-stringify-safe-5.0.1.tgz",
      "integrity": "sha1-Epai1Y/UXxmg9s4B1lcB4sc1tus="
    },
    "jsprim": {
      "version": "1.4.1",
      "resolved": "http://r.cnpmjs.org/jsprim/download/jsprim-1.4.1.tgz",
      "integrity": "sha1-MT5mvB5cwG5Di8G3SZwuXFastqI=",
      "requires": {
        "assert-plus": "1.0.0",
        "extsprintf": "1.3.0",
        "json-schema": "0.2.3",
        "verror": "1.10.0"
      }
    },
    "levn": {
      "version": "0.3.0",
      "resolved": "http://r.cnpmjs.org/levn/download/levn-0.3.0.tgz",
      "integrity": "sha1-OwmSTt+fCDwEkP3UwLxEIeBHZO4=",
      "requires": {
        "prelude-ls": "~1.1.2",
        "type-check": "~0.3.2"
      }
    },
    "lodash": {
      "version": "4.17.11",
      "resolved": "http://r.cnpmjs.org/lodash/download/lodash-4.17.11.tgz",
      "integrity": "sha1-s56mIp72B+zYniyN8SU2iRysm40="
    },
    "lodash.sortby": {
      "version": "4.7.0",
      "resolved": "http://r.cnpmjs.org/lodash.sortby/download/lodash.sortby-4.7.0.tgz",
      "integrity": "sha1-7dFMgk4sycHgsKG0K7UhBRakJDg="
    },
    "media-typer": {
      "version": "0.3.0",
      "resolved": "http://r.cnpmjs.org/media-typer/download/media-typer-0.3.0.tgz",
      "integrity": "sha1-hxDXrwqmJvj/+hzgAWhUUmMlV0g="
    },
    "merge-descriptors": {
      "version": "1.0.1",
      "resolved": "http://r.cnpmjs.org/merge-descriptors/download/merge-descriptors-1.0.1.tgz",
      "integrity": "sha1-sAqqVW3YtEVoFQ7J0blT8/kMu2E="
    },
    "methods": {
      "version": "1.1.2",
      "resolved": "http://r.cnpmjs.org/methods/download/methods-1.1.2.tgz",
      "integrity": "sha1-VSmk1nZUE07cxSZmVoNbD4Ua/O4="
    },
    "mime": {
      "version": "1.4.1",
      "resolved": "http://r.cnpmjs.org/mime/download/mime-1.4.1.tgz",
      "integrity": "sha1-Eh+evEnjdm8xGnbh+hyAA8SwOqY="
    },
    "mime-db": {
      "version": "1.37.0",
      "resolved": "http://r.cnpmjs.org/mime-db/download/mime-db-1.37.0.tgz",
      "integrity": "sha1-C2oM5v2+lXbiXx8tL96IMNwK0Ng="
    },
    "mime-types": {
      "version": "2.1.21",
      "resolved": "http://r.cnpmjs.org/mime-types/download/mime-types-2.1.21.tgz",
      "integrity": "sha1-KJlaoey3cHQv5q5+WPkYHHRLP5Y=",
      "requires": {
        "mime-db": "~1.37.0"
      }
    },
    "mockjs": {
      "version": "1.0.1-beta3",
      "resolved": "http://r.cnpmjs.org/mockjs/download/mockjs-1.0.1-beta3.tgz",
      "integrity": "sha1-0jTzwnJWOXVk8slVFC6JGQlTcgk=",
      "requires": {
        "commander": "*"
      }
    },
    "ms": {
      "version": "2.0.0",
      "resolved": "http://r.cnpmjs.org/ms/download/ms-2.0.0.tgz",
      "integrity": "sha1-VgiurfwAvmwpAd9fmGF4jeDVl8g="
    },
    "negotiator": {
      "version": "0.6.1",
      "resolved": "http://r.cnpmjs.org/negotiator/download/negotiator-0.6.1.tgz",
      "integrity": "sha1-KzJxhOiZIQEXeyhWP7XnECrNDKk="
    },
    "nwsapi": {
      "version": "2.0.9",
      "resolved": "http://r.cnpmjs.org/nwsapi/download/nwsapi-2.0.9.tgz",
      "integrity": "sha1-d6wM39ytUrahFRqE5zJU7cM+0BY="
    },
    "oauth-sign": {
      "version": "0.9.0",
      "resolved": "http://r.cnpmjs.org/oauth-sign/download/oauth-sign-0.9.0.tgz",
      "integrity": "sha1-R6ewFrqmi1+g7PPe4IqFxnmsZFU="
    },
    "on-finished": {
      "version": "2.3.0",
      "resolved": "http://r.cnpmjs.org/on-finished/download/on-finished-2.3.0.tgz",
      "integrity": "sha1-IPEzZIGwg811M3mSoWlxqi2QaUc=",
      "requires": {
        "ee-first": "1.1.1"
      }
    },
    "optionator": {
      "version": "0.8.2",
      "resolved": "http://r.cnpmjs.org/optionator/download/optionator-0.8.2.tgz",
      "integrity": "sha1-NkxeQJ0/TWMB1sC0wFu6UBgK62Q=",
      "requires": {
        "deep-is": "~0.1.3",
        "fast-levenshtein": "~2.0.4",
        "levn": "~0.3.0",
        "prelude-ls": "~1.1.2",
        "type-check": "~0.3.2",
        "wordwrap": "~1.0.0"
      }
    },
    "parse5": {
      "version": "5.1.0",
      "resolved": "http://r.cnpmjs.org/parse5/download/parse5-5.1.0.tgz",
      "integrity": "sha1-xZNByXI/QUxFKXVWTHwApo1YrNI="
    },
    "parseurl": {
      "version": "1.3.2",
      "resolved": "http://r.cnpmjs.org/parseurl/download/parseurl-1.3.2.tgz",
      "integrity": "sha1-/CidTtiZMRlGDBViUyYs3I3mW/M="
    },
    "path-to-regexp": {
      "version": "0.1.7",
      "resolved": "http://r.cnpmjs.org/path-to-regexp/download/path-to-regexp-0.1.7.tgz",
      "integrity": "sha1-32BBeABfUi8V60SQ5yR6G/qmf4w="
    },
    "performance-now": {
      "version": "2.1.0",
      "resolved": "http://r.cnpmjs.org/performance-now/download/performance-now-2.1.0.tgz",
      "integrity": "sha1-Ywn04OX6kT7BxpMHrjZLSzd8nns="
    },
    "pn": {
      "version": "1.1.0",
      "resolved": "http://r.cnpmjs.org/pn/download/pn-1.1.0.tgz",
      "integrity": "sha1-4vTO8OIZ9GPBeas3Rj5OHs3Muvs="
    },
    "prelude-ls": {
      "version": "1.1.2",
      "resolved": "http://r.cnpmjs.org/prelude-ls/download/prelude-ls-1.1.2.tgz",
      "integrity": "sha1-IZMqVJ9eUv/ZqCf1cOBL5iqX2lQ="
    },
    "proxy-addr": {
      "version": "2.0.4",
      "resolved": "http://r.cnpmjs.org/proxy-addr/download/proxy-addr-2.0.4.tgz",
      "integrity": "sha1-7PxzO/Iv+Mb0B/onUye5q2fki5M=",
      "requires": {
        "forwarded": "~0.1.2",
        "ipaddr.js": "1.8.0"
      }
    },
    "psl": {
      "version": "1.1.31",
      "resolved": "http://r.cnpmjs.org/psl/download/psl-1.1.31.tgz",
      "integrity": "sha1-6aqG0BAbWxBcvpOsa3hM1UcnYYQ="
    },
    "punycode": {
      "version": "2.1.1",
      "resolved": "http://r.cnpmjs.org/punycode/download/punycode-2.1.1.tgz",
      "integrity": "sha1-tYsBCsQMIsVldhbI0sLALHv0eew="
    },
    "qs": {
      "version": "6.5.2",
      "resolved": "http://r.cnpmjs.org/qs/download/qs-6.5.2.tgz",
      "integrity": "sha1-yzroBuh0BERYTvFUzo7pjUA/PjY="
    },
    "range-parser": {
      "version": "1.2.0",
      "resolved": "http://r.cnpmjs.org/range-parser/download/range-parser-1.2.0.tgz",
      "integrity": "sha1-9JvmtIeJTdxA3MlKMi9hEJLgDV4="
    },
    "raw-body": {
      "version": "2.3.3",
      "resolved": "http://r.cnpmjs.org/raw-body/download/raw-body-2.3.3.tgz",
      "integrity": "sha1-GzJOzmtXBuFThVvBFIxlu39uoMM=",
      "requires": {
        "bytes": "3.0.0",
        "http-errors": "1.6.3",
        "iconv-lite": "0.4.23",
        "unpipe": "1.0.0"
      }
    },
    "request": {
      "version": "2.88.0",
      "resolved": "http://r.cnpmjs.org/request/download/request-2.88.0.tgz",
      "integrity": "sha1-nC/KT301tZLv5Xx/ClXoEFIST+8=",
      "requires": {
        "aws-sign2": "~0.7.0",
        "aws4": "^1.8.0",
        "caseless": "~0.12.0",
        "combined-stream": "~1.0.6",
        "extend": "~3.0.2",
        "forever-agent": "~0.6.1",
        "form-data": "~2.3.2",
        "har-validator": "~5.1.0",
        "http-signature": "~1.2.0",
        "is-typedarray": "~1.0.0",
        "isstream": "~0.1.2",
        "json-stringify-safe": "~5.0.1",
        "mime-types": "~2.1.19",
        "oauth-sign": "~0.9.0",
        "performance-now": "^2.1.0",
        "qs": "~6.5.2",
        "safe-buffer": "^5.1.2",
        "tough-cookie": "~2.4.3",
        "tunnel-agent": "^0.6.0",
        "uuid": "^3.3.2"
      },
      "dependencies": {
        "punycode": {
          "version": "1.4.1",
          "resolved": "http://r.cnpmjs.org/punycode/download/punycode-1.4.1.tgz",
          "integrity": "sha1-wNWmOycYgArY4esPpSachN1BhF4="
        },
        "tough-cookie": {
          "version": "2.4.3",
          "resolved": "http://r.cnpmjs.org/tough-cookie/download/tough-cookie-2.4.3.tgz",
          "integrity": "sha1-U/Nto/R3g7CSWvoG/587FlKA94E=",
          "requires": {
            "psl": "^1.1.24",
            "punycode": "^1.4.1"
          }
        }
      }
    },
    "request-promise-core": {
      "version": "1.1.1",
      "resolved": "http://r.cnpmjs.org/request-promise-core/download/request-promise-core-1.1.1.tgz",
      "integrity": "sha1-Pu4AssWqgyOc+wTFcA2jb4HNCLY=",
      "requires": {
        "lodash": "^4.13.1"
      }
    },
    "request-promise-native": {
      "version": "1.0.5",
      "resolved": "http://r.cnpmjs.org/request-promise-native/download/request-promise-native-1.0.5.tgz",
      "integrity": "sha1-UoF3D2jgyXGeUWP9P6tIIhX0/aU=",
      "requires": {
        "request-promise-core": "1.1.1",
        "stealthy-require": "^1.1.0",
        "tough-cookie": ">=2.3.3"
      }
    },
    "safe-buffer": {
      "version": "5.1.2",
      "resolved": "http://r.cnpmjs.org/safe-buffer/download/safe-buffer-5.1.2.tgz",
      "integrity": "sha1-mR7GnSluAxN0fVm9/St0XDX4go0="
    },
    "safer-buffer": {
      "version": "2.1.2",
      "resolved": "http://r.cnpmjs.org/safer-buffer/download/safer-buffer-2.1.2.tgz",
      "integrity": "sha1-RPoWGwGHuVSd2Eu5GAL5vYOFzWo="
    },
    "saxes": {
      "version": "3.1.5",
      "resolved": "http://r.cnpmjs.org/saxes/download/saxes-3.1.5.tgz",
      "integrity": "sha1-7LuhLHypn4f3Db0UpsV7K13ospg=",
      "requires": {
        "xmlchars": "^1.3.1"
      }
    },
    "send": {
      "version": "0.16.2",
      "resolved": "http://r.cnpmjs.org/send/download/send-0.16.2.tgz",
      "integrity": "sha1-bsyh4PjBVtFBWXVZhI32RzCmu8E=",
      "requires": {
        "debug": "2.6.9",
        "depd": "~1.1.2",
        "destroy": "~1.0.4",
        "encodeurl": "~1.0.2",
        "escape-html": "~1.0.3",
        "etag": "~1.8.1",
        "fresh": "0.5.2",
        "http-errors": "~1.6.2",
        "mime": "1.4.1",
        "ms": "2.0.0",
        "on-finished": "~2.3.0",
        "range-parser": "~1.2.0",
        "statuses": "~1.4.0"
      }
    },
    "serve-static": {
      "version": "1.13.2",
      "resolved": "http://r.cnpmjs.org/serve-static/download/serve-static-1.13.2.tgz",
      "integrity": "sha1-CV6Ecv1bRiN9tQzkhqQ/S4bGzsE=",
      "requires": {
        "encodeurl": "~1.0.2",
        "escape-html": "~1.0.3",
        "parseurl": "~1.3.2",
        "send": "0.16.2"
      }
    },
    "setprototypeof": {
      "version": "1.1.0",
      "resolved": "http://r.cnpmjs.org/setprototypeof/download/setprototypeof-1.1.0.tgz",
      "integrity": "sha1-0L2FU2iHtv58DYGMuWLZ2RxU5lY="
    },
    "source-map": {
      "version": "0.6.1",
      "resolved": "http://r.cnpmjs.org/source-map/download/source-map-0.6.1.tgz",
      "integrity": "sha1-dHIq8y6WFOnCh6jQu95IteLxomM=",
      "optional": true
    },
    "sshpk": {
      "version": "1.16.0",
      "resolved": "http://r.cnpmjs.org/sshpk/download/sshpk-1.16.0.tgz",
      "integrity": "sha1-HUljovv/5YBQqpCEyiC+gXQcB94=",
      "requires": {
        "asn1": "~0.2.3",
        "assert-plus": "^1.0.0",
        "bcrypt-pbkdf": "^1.0.0",
        "dashdash": "^1.12.0",
        "ecc-jsbn": "~0.1.1",
        "getpass": "^0.1.1",
        "jsbn": "~0.1.0",
        "safer-buffer": "^2.0.2",
        "tweetnacl": "~0.14.0"
      }
    },
    "statuses": {
      "version": "1.4.0",
      "resolved": "http://r.cnpmjs.org/statuses/download/statuses-1.4.0.tgz",
      "integrity": "sha1-u3PURtonlhBu/MG2AaJT1sRr0Ic="
    },
    "stealthy-require": {
      "version": "1.1.1",
      "resolved": "http://r.cnpmjs.org/stealthy-require/download/stealthy-require-1.1.1.tgz",
      "integrity": "sha1-NbCYdbT/SfJqd35QmzCQoyJr8ks="
    },
    "symbol-tree": {
      "version": "3.2.2",
      "resolved": "http://r.cnpmjs.org/symbol-tree/download/symbol-tree-3.2.2.tgz",
      "integrity": "sha1-rifbOPZgp64uHDt9G8KQgZuFGeY="
    },
    "tough-cookie": {
      "version": "2.5.0",
      "resolved": "http://r.cnpmjs.org/tough-cookie/download/tough-cookie-2.5.0.tgz",
      "integrity": "sha1-zZ+yoKodWhK0c72fuW+j3P9lreI=",
      "requires": {
        "psl": "^1.1.28",
        "punycode": "^2.1.1"
      }
    },
    "tr46": {
      "version": "1.0.1",
      "resolved": "http://r.cnpmjs.org/tr46/download/tr46-1.0.1.tgz",
      "integrity": "sha1-qLE/1r/SSJUZZ0zN5VujaTtwbQk=",
      "requires": {
        "punycode": "^2.1.0"
      }
    },
    "tunnel-agent": {
      "version": "0.6.0",
      "resolved": "http://r.cnpmjs.org/tunnel-agent/download/tunnel-agent-0.6.0.tgz",
      "integrity": "sha1-J6XeoGs2sEoKmWZ3SykIaPD8QP0=",
      "requires": {
        "safe-buffer": "^5.0.1"
      }
    },
    "tweetnacl": {
      "version": "0.14.5",
      "resolved": "http://r.cnpmjs.org/tweetnacl/download/tweetnacl-0.14.5.tgz",
      "integrity": "sha1-WuaBd/GS1EViadEIr6k/+HQ/T2Q="
    },
    "type-check": {
      "version": "0.3.2",
      "resolved": "http://r.cnpmjs.org/type-check/download/type-check-0.3.2.tgz",
      "integrity": "sha1-WITKtRLPHTVeP7eE8wgEsrUg23I=",
      "requires": {
        "prelude-ls": "~1.1.2"
      }
    },
    "type-is": {
      "version": "1.6.16",
      "resolved": "http://r.cnpmjs.org/type-is/download/type-is-1.6.16.tgz",
      "integrity": "sha1-+JzjQVQcZysl7nrjxz3uOyvlAZQ=",
      "requires": {
        "media-typer": "0.3.0",
        "mime-types": "~2.1.18"
      }
    },
    "unpipe": {
      "version": "1.0.0",
      "resolved": "http://r.cnpmjs.org/unpipe/download/unpipe-1.0.0.tgz",
      "integrity": "sha1-sr9O6FFKrmFltIF4KdIbLvSZBOw="
    },
    "uri-js": {
      "version": "4.2.2",
      "resolved": "http://r.cnpmjs.org/uri-js/download/uri-js-4.2.2.tgz",
      "integrity": "sha1-lMVA4f93KVbiKZUHwBCupsiDjrA=",
      "requires": {
        "punycode": "^2.1.0"
      }
    },
    "utils-merge": {
      "version": "1.0.1",
      "resolved": "http://r.cnpmjs.org/utils-merge/download/utils-merge-1.0.1.tgz",
      "integrity": "sha1-n5VxD1CiZ5R7LMwSR0HBAoQn5xM="
    },
    "uuid": {
      "version": "3.3.2",
      "resolved": "http://r.cnpmjs.org/uuid/download/uuid-3.3.2.tgz",
      "integrity": "sha1-G0r0lV6zB3xQHCOHL8ZROBFYcTE="
    },
    "vary": {
      "version": "1.1.2",
      "resolved": "http://r.cnpmjs.org/vary/download/vary-1.1.2.tgz",
      "integrity": "sha1-IpnwLG3tMNSllhsLn3RSShj2NPw="
    },
    "verror": {
      "version": "1.10.0",
      "resolved": "http://r.cnpmjs.org/verror/download/verror-1.10.0.tgz",
      "integrity": "sha1-OhBcoXBTr1XW4nDB+CiGguGNpAA=",
      "requires": {
        "assert-plus": "^1.0.0",
        "core-util-is": "1.0.2",
        "extsprintf": "^1.2.0"
      }
    },
    "w3c-hr-time": {
      "version": "1.0.1",
      "resolved": "http://r.cnpmjs.org/w3c-hr-time/download/w3c-hr-time-1.0.1.tgz",
      "integrity": "sha1-gqwr/2PZUOqeMYmlimViX+3xkEU=",
      "requires": {
        "browser-process-hrtime": "^0.1.2"
      }
    },
    "w3c-xmlserializer": {
      "version": "1.0.1",
      "resolved": "http://r.cnpmjs.org/w3c-xmlserializer/download/w3c-xmlserializer-1.0.1.tgz",
      "integrity": "sha1-BUzc01ncXR8+yb5OJyx1avSyHTk=",
      "requires": {
        "domexception": "^1.0.1",
        "webidl-conversions": "^4.0.2",
        "xml-name-validator": "^3.0.0"
      }
    },
    "webidl-conversions": {
      "version": "4.0.2",
      "resolved": "http://r.cnpmjs.org/webidl-conversions/download/webidl-conversions-4.0.2.tgz",
      "integrity": "sha1-qFWYCx8LazWbodXZ+zmulB+qY60="
    },
    "whatwg-encoding": {
      "version": "1.0.5",
      "resolved": "http://r.cnpmjs.org/whatwg-encoding/download/whatwg-encoding-1.0.5.tgz",
      "integrity": "sha1-WrrPd3wyFmpR0IXWtPPn0nET3bA=",
      "requires": {
        "iconv-lite": "0.4.24"
      },
      "dependencies": {
        "iconv-lite": {
          "version": "0.4.24",
          "resolved": "http://r.cnpmjs.org/iconv-lite/download/iconv-lite-0.4.24.tgz",
          "integrity": "sha1-ICK0sl+93CHS9SSXSkdKr+czkIs=",
          "requires": {
            "safer-buffer": ">= 2.1.2 < 3"
          }
        }
      }
    },
    "whatwg-mimetype": {
      "version": "2.3.0",
      "resolved": "http://r.cnpmjs.org/whatwg-mimetype/download/whatwg-mimetype-2.3.0.tgz",
      "integrity": "sha1-PUseAxLSB5h5+Cav8Y2+7KWWD78="
    },
    "whatwg-url": {
      "version": "7.0.0",
      "resolved": "http://r.cnpmjs.org/whatwg-url/download/whatwg-url-7.0.0.tgz",
      "integrity": "sha1-/ekm+lSlmfOt+C3/Jan3vgLcbt0=",
      "requires": {
        "lodash.sortby": "^4.7.0",
        "tr46": "^1.0.1",
        "webidl-conversions": "^4.0.2"
      }
    },
    "wordwrap": {
      "version": "1.0.0",
      "resolved": "http://r.cnpmjs.org/wordwrap/download/wordwrap-1.0.0.tgz",
      "integrity": "sha1-J1hIEIkUVqQXHI0CJkQa3pDLyus="
    },
    "ws": {
      "version": "6.1.2",
      "resolved": "http://r.cnpmjs.org/ws/download/ws-6.1.2.tgz",
      "integrity": "sha1-PMdGLph5LwrGeUJBSJA97TucOtg=",
      "requires": {
        "async-limiter": "~1.0.0"
      }
    },
    "xml-name-validator": {
      "version": "3.0.0",
      "resolved": "http://r.cnpmjs.org/xml-name-validator/download/xml-name-validator-3.0.0.tgz",
      "integrity": "sha1-auc+Bt5NjG5H+fsYH3jWSK1FfGo="
    },
    "xmlchars": {
      "version": "1.3.1",
      "resolved": "http://r.cnpmjs.org/xmlchars/download/xmlchars-1.3.1.tgz",
      "integrity": "sha1-HdoDX4M9u0+GoMKOqmynaSFHk88="
    }
  }
}
